
Microsoft Visual Studio Solution File, Format Version 12.00
# Visual Studio Version 17
VisualStudioVersion = 17.4.33213.308
MinimumVisualStudioVersion = 10.0.40219.1
Project("{9A19103F-16F7-4668-BE54-9A1E7A4F7556}") = "ConsoleApp", "ConsoleApp\ConsoleApp.csproj", "{CA2E5221-8BB1-4B42-A088-C18F6AB4138B}"
EndProject
Project("{9A19103F-16F7-4668-BE54-9A1E7A4F7556}") = "WpfApp_MVVM", "WpfApp_MVVM\WpfApp_MVVM.csproj", "{C046D646-58C2-407E-A7FC-3F27B285C3FA}"
EndProject
Project("{2150E333-8FDC-42A3-9474-1A3956D46DE8}") = "Solution Items", "Solution Items", "{FBFD3C59-CD1B-44E5-8DB2-428F35CD968D}"
	ProjectSection(SolutionItems) = preProject
		.editorconfig = .editorconfig
	EndProjectSection
EndProject
Project("{9A19103F-16F7-4668-BE54-9A1E7A4F7556}") = "ConsoleApp.Tests", "ConsoleApp.Tests\ConsoleApp.Tests.csproj", "{659A613B-1A6A-4E06-A939-91D8116394A4}"
EndProject
Project("{FAE04EC0-301F-11D3-BF4B-00C04F79EFBC}") = "WpfApp", "WpfApp\WpfApp.csproj", "{75C397B5-838D-46D7-B5ED-5741E26D77DD}"
EndProject
Global
	GlobalSection(SolutionConfigurationPlatforms) = preSolution
		Debug|Any CPU = Debug|Any CPU
		Release|Any CPU = Release|Any CPU
	EndGlobalSection
	GlobalSection(ProjectConfigurationPlatforms) = postSolution
		{CA2E5221-8BB1-4B42-A088-C18F6AB4138B}.Debug|Any CPU.ActiveCfg = Debug|Any CPU
		{CA2E5221-8BB1-4B42-A088-C18F6AB4138B}.Debug|Any CPU.Build.0 = Debug|Any CPU
		{CA2E5221-8BB1-4B42-A088-C18F6AB4138B}.Release|Any CPU.ActiveCfg = Release|Any CPU
		{CA2E5221-8BB1-4B42-A088-C18F6AB4138B}.Release|Any CPU.Build.0 = Release|Any CPU
		{C046D646-58C2-407E-A7FC-3F27B285C3FA}.Debug|Any CPU.ActiveCfg = Debug|Any CPU
		{C046D646-58C2-407E-A7FC-3F27B285C3FA}.Debug|Any CPU.Build.0 = Debug|Any CPU
		{C046D646-58C2-407E-A7FC-3F27B285C3FA}.Release|Any CPU.ActiveCfg = Release|Any CPU
		{C046D646-58C2-407E-A7FC-3F27B285C3FA}.Release|Any CPU.Build.0 = Release|Any CPU
		{659A613B-1A6A-4E06-A939-91D8116394A4}.Debug|Any CPU.ActiveCfg = Debug|Any CPU
		{659A613B-1A6A-4E06-A939-91D8116394A4}.Debug|Any CPU.Build.0 = Debug|Any CPU
		{659A613B-1A6A-4E06-A939-91D8116394A4}.Release|Any CPU.ActiveCfg = Release|Any CPU
		{659A613B-1A6A-4E06-A939-91D8116394A4}.Release|Any CPU.Build.0 = Release|Any CPU
		{75C397B5-838D-46D7-B5ED-5741E26D77DD}.Debug|Any CPU.ActiveCfg = Debug|Any CPU
		{75C397B5-838D-46D7-B5ED-5741E26D77DD}.Debug|Any CPU.Build.0 = Debug|Any CPU
		{75C397B5-838D-46D7-B5ED-5741E26D77DD}.Release|Any CPU.ActiveCfg = Release|Any CPU
		{75C397B5-838D-46D7-B5ED-5741E26D77DD}.Release|Any CPU.Build.0 = Release|Any CPU
	EndGlobalSection
	GlobalSection(SolutionProperties) = preSolution
		HideSolutionNode = FALSE
	EndGlobalSection
	GlobalSection(ExtensibilityGlobals) = postSolution
		SolutionGuid = {CC943E0E-DBD8-41AC-8839-D6223AFDE4E1}
	EndGlobalSection
EndGlobal
