
Microsoft Visual Studio Solution File, Format Version 12.00
# Visual Studio Version 17
VisualStudioVersion = 17.4.33213.308
MinimumVisualStudioVersion = 10.0.40219.1
Project("{9A19103F-16F7-4668-BE54-9A1E7A4F7556}") = "ConsoleApp", "ConsoleApp\ConsoleApp.csproj", "{CA2E5221-8BB1-4B42-A088-C18F6AB4138B}"
EndProject
Project("{9A19103F-16F7-4668-BE54-9A1E7A4F7556}") = "WpfApp", "WpfApp\WpfApp.csproj", "{7F930042-1C49-452E-AD8A-97BCA16ED669}"
EndProject
Project("{9A19103F-16F7-4668-BE54-9A1E7A4F7556}") = "WpfApp_MVVM", "WpfApp_MVVM\WpfApp_MVVM.csproj", "{C046D646-58C2-407E-A7FC-3F27B285C3FA}"
EndProject
Project("{9A19103F-16F7-4668-BE54-9A1E7A4F7556}") = "ConsoleApp.Tests_MSTest", "ConsoleApp.Tests_MSTest\ConsoleApp.Tests_MSTest.csproj", "{13A9538E-A3E1-499C-B393-5C94D9C7CBE2}"
EndProject
Global
	GlobalSection(SolutionConfigurationPlatforms) = preSolution
		Debug|Any CPU = Debug|Any CPU
		Release|Any CPU = Release|Any CPU
	EndGlobalSection
	GlobalSection(ProjectConfigurationPlatforms) = postSolution
		{CA2E5221-8BB1-4B42-A088-C18F6AB4138B}.Debug|Any CPU.ActiveCfg = Debug|Any CPU
		{CA2E5221-8BB1-4B42-A088-C18F6AB4138B}.Debug|Any CPU.Build.0 = Debug|Any CPU
		{CA2E5221-8BB1-4B42-A088-C18F6AB4138B}.Release|Any CPU.ActiveCfg = Release|Any CPU
		{CA2E5221-8BB1-4B42-A088-C18F6AB4138B}.Release|Any CPU.Build.0 = Release|Any CPU
		{7F930042-1C49-452E-AD8A-97BCA16ED669}.Debug|Any CPU.ActiveCfg = Debug|Any CPU
		{7F930042-1C49-452E-AD8A-97BCA16ED669}.Debug|Any CPU.Build.0 = Debug|Any CPU
		{7F930042-1C49-452E-AD8A-97BCA16ED669}.Release|Any CPU.ActiveCfg = Release|Any CPU
		{7F930042-1C49-452E-AD8A-97BCA16ED669}.Release|Any CPU.Build.0 = Release|Any CPU
		{C046D646-58C2-407E-A7FC-3F27B285C3FA}.Debug|Any CPU.ActiveCfg = Debug|Any CPU
		{C046D646-58C2-407E-A7FC-3F27B285C3FA}.Debug|Any CPU.Build.0 = Debug|Any CPU
		{C046D646-58C2-407E-A7FC-3F27B285C3FA}.Release|Any CPU.ActiveCfg = Release|Any CPU
		{C046D646-58C2-407E-A7FC-3F27B285C3FA}.Release|Any CPU.Build.0 = Release|Any CPU
		{13A9538E-A3E1-499C-B393-5C94D9C7CBE2}.Debug|Any CPU.ActiveCfg = Debug|Any CPU
		{13A9538E-A3E1-499C-B393-5C94D9C7CBE2}.Debug|Any CPU.Build.0 = Debug|Any CPU
		{13A9538E-A3E1-499C-B393-5C94D9C7CBE2}.Release|Any CPU.ActiveCfg = Release|Any CPU
		{13A9538E-A3E1-499C-B393-5C94D9C7CBE2}.Release|Any CPU.Build.0 = Release|Any CPU
	EndGlobalSection
	GlobalSection(SolutionProperties) = preSolution
		HideSolutionNode = FALSE
	EndGlobalSection
	GlobalSection(ExtensibilityGlobals) = postSolution
		SolutionGuid = {CC943E0E-DBD8-41AC-8839-D6223AFDE4E1}
	EndGlobalSection
EndGlobal
